
Microsoft Visual Studio Solution File, Format Version 12.00
# Visual Studio 15
VisualStudioVersion = 15.0.27703.2042
MinimumVisualStudioVersion = 10.0.40219.1
Project("{FAE04EC0-301F-11D3-BF4B-00C04F79EFBC}") = "INeuro", "INeuro\INeuro.csproj", "{ABA362F8-DB36-43B3-9487-1385BE744F80}"
EndProject
Global
	GlobalSection(SolutionConfigurationPlatforms) = preSolution
		Debug|Any CPU = Debug|Any CPU
		Release|Any CPU = Release|Any CPU
	EndGlobalSection
	GlobalSection(ProjectConfigurationPlatforms) = postSolution
		{ABA362F8-DB36-43B3-9487-1385BE744F80}.Debug|Any CPU.ActiveCfg = Debug|Any CPU
		{ABA362F8-DB36-43B3-9487-1385BE744F80}.Debug|Any CPU.Build.0 = Debug|Any CPU
		{ABA362F8-DB36-43B3-9487-1385BE744F80}.Release|Any CPU.ActiveCfg = Release|Any CPU
		{ABA362F8-DB36-43B3-9487-1385BE744F80}.Release|Any CPU.Build.0 = Release|Any CPU
	EndGlobalSection
	GlobalSection(SolutionProperties) = preSolution
		HideSolutionNode = FALSE
	EndGlobalSection
	GlobalSection(ExtensibilityGlobals) = postSolution
		SolutionGuid = {8315466E-5F26-4E05-AF67-A0182079C70B}
	EndGlobalSection
EndGlobal
